
Microsoft Visual Studio Solution File, Format Version 12.00
# Visual Studio Version 17
VisualStudioVersion = 17.11.35431.28
MinimumVisualStudioVersion = 10.0.40219.1
Project("{FAE04EC0-301F-11D3-BF4B-00C04F79EFBC}") = "Infra", "Infra\Infra.csproj", "{BB2EC606-B180-4992-B3A0-95C3954E2F93}"
EndProject
Project("{FAE04EC0-301F-11D3-BF4B-00C04F79EFBC}") = "B2023", "B2023\B2023.csproj", "{2CB7E7C5-8182-46F2-A3B1-3B492C1B4A0A}"
EndProject
Project("{FAE04EC0-301F-11D3-BF4B-00C04F79EFBC}") = "B2022", "B2022\B2022.csproj", "{EB9DB85E-CDC7-48A4-9CAF-3D434E29CF0E}"
EndProject
Project("{FAE04EC0-301F-11D3-BF4B-00C04F79EFBC}") = "B2021a", "B2021a\B2021a.csproj", "{2F14A31C-586F-4303-A9A8-B4339D32B8D5}"
EndProject
Project("{FAE04EC0-301F-11D3-BF4B-00C04F79EFBC}") = "B2024", "B2024\B2024.csproj", "{D0C83257-31D0-4B9D-8CB7-ED6050B34D02}"
EndProject
Project("{FAE04EC0-301F-11D3-BF4B-00C04F79EFBC}") = "B2018", "B2018\B2018.csproj", "{4319ACBA-599E-4365-954D-95A068ECB321}"
EndProject
Project("{FAE04EC0-301F-11D3-BF4B-00C04F79EFBC}") = "B2013", "B2013\B2013.csproj", "{5C34E991-C94A-4D23-87DA-BC1DD8DACF16}"
EndProject
Project("{FAE04EC0-301F-11D3-BF4B-00C04F79EFBC}") = "B2016", "B2016\B2016.csproj", "{FB472199-FB61-4503-AC7F-AE016ABBA633}"
EndProject
Project("{FAE04EC0-301F-11D3-BF4B-00C04F79EFBC}") = "B2024_271_Sample", "B2024_271_Sample\B2024_271_Sample.csproj", "{56A023A8-B3FF-4CD5-A749-2FE8C3724929}"
EndProject
Project("{FAE04EC0-301F-11D3-BF4B-00C04F79EFBC}") = "TemplatesForAnswers", "TemplatesForAnswers\TemplatesForAnswers.csproj", "{3FF1CFC2-50B1-44B4-BE60-E5945DE67FF5}"
EndProject
Project("{FAE04EC0-301F-11D3-BF4B-00C04F79EFBC}") = "B2019", "B2019\B2019.csproj", "{03B839F5-0A62-4215-9778-1A5AB631E5D8}"
EndProject
Project("{2150E333-8FDC-42A3-9474-1A3956D46DE8}") = "381", "381", "{E0F66DCE-47CE-4898-9012-8498BDDBEF03}"
EndProject
Project("{2150E333-8FDC-42A3-9474-1A3956D46DE8}") = "205", "205", "{76509FD2-AC2B-44AA-A693-61729086C3A0}"
EndProject
Project("{2150E333-8FDC-42A3-9474-1A3956D46DE8}") = "Matkonot", "Matkonot", "{F9F51B08-0C6E-4B33-BE5C-00F40AFF8E2D}"
EndProject
Project("{FAE04EC0-301F-11D3-BF4B-00C04F79EFBC}") = "Herzug2024", "Herzug2024\Herzug2024.csproj", "{7CDBF487-18CC-4D51-9621-59406CD05757}"
EndProject
Global
	GlobalSection(SolutionConfigurationPlatforms) = preSolution
		Debug|Any CPU = Debug|Any CPU
		Release|Any CPU = Release|Any CPU
	EndGlobalSection
	GlobalSection(ProjectConfigurationPlatforms) = postSolution
		{BB2EC606-B180-4992-B3A0-95C3954E2F93}.Debug|Any CPU.ActiveCfg = Debug|Any CPU
		{BB2EC606-B180-4992-B3A0-95C3954E2F93}.Debug|Any CPU.Build.0 = Debug|Any CPU
		{BB2EC606-B180-4992-B3A0-95C3954E2F93}.Release|Any CPU.ActiveCfg = Release|Any CPU
		{BB2EC606-B180-4992-B3A0-95C3954E2F93}.Release|Any CPU.Build.0 = Release|Any CPU
		{2CB7E7C5-8182-46F2-A3B1-3B492C1B4A0A}.Debug|Any CPU.ActiveCfg = Debug|Any CPU
		{2CB7E7C5-8182-46F2-A3B1-3B492C1B4A0A}.Debug|Any CPU.Build.0 = Debug|Any CPU
		{2CB7E7C5-8182-46F2-A3B1-3B492C1B4A0A}.Release|Any CPU.ActiveCfg = Release|Any CPU
		{2CB7E7C5-8182-46F2-A3B1-3B492C1B4A0A}.Release|Any CPU.Build.0 = Release|Any CPU
		{EB9DB85E-CDC7-48A4-9CAF-3D434E29CF0E}.Debug|Any CPU.ActiveCfg = Debug|Any CPU
		{EB9DB85E-CDC7-48A4-9CAF-3D434E29CF0E}.Debug|Any CPU.Build.0 = Debug|Any CPU
		{EB9DB85E-CDC7-48A4-9CAF-3D434E29CF0E}.Release|Any CPU.ActiveCfg = Release|Any CPU
		{EB9DB85E-CDC7-48A4-9CAF-3D434E29CF0E}.Release|Any CPU.Build.0 = Release|Any CPU
		{2F14A31C-586F-4303-A9A8-B4339D32B8D5}.Debug|Any CPU.ActiveCfg = Debug|Any CPU
		{2F14A31C-586F-4303-A9A8-B4339D32B8D5}.Debug|Any CPU.Build.0 = Debug|Any CPU
		{2F14A31C-586F-4303-A9A8-B4339D32B8D5}.Release|Any CPU.ActiveCfg = Release|Any CPU
		{2F14A31C-586F-4303-A9A8-B4339D32B8D5}.Release|Any CPU.Build.0 = Release|Any CPU
		{D0C83257-31D0-4B9D-8CB7-ED6050B34D02}.Debug|Any CPU.ActiveCfg = Debug|Any CPU
		{D0C83257-31D0-4B9D-8CB7-ED6050B34D02}.Debug|Any CPU.Build.0 = Debug|Any CPU
		{D0C83257-31D0-4B9D-8CB7-ED6050B34D02}.Release|Any CPU.ActiveCfg = Release|Any CPU
		{D0C83257-31D0-4B9D-8CB7-ED6050B34D02}.Release|Any CPU.Build.0 = Release|Any CPU
		{4319ACBA-599E-4365-954D-95A068ECB321}.Debug|Any CPU.ActiveCfg = Debug|Any CPU
		{4319ACBA-599E-4365-954D-95A068ECB321}.Debug|Any CPU.Build.0 = Debug|Any CPU
		{4319ACBA-599E-4365-954D-95A068ECB321}.Release|Any CPU.ActiveCfg = Release|Any CPU
		{4319ACBA-599E-4365-954D-95A068ECB321}.Release|Any CPU.Build.0 = Release|Any CPU
		{5C34E991-C94A-4D23-87DA-BC1DD8DACF16}.Debug|Any CPU.ActiveCfg = Debug|Any CPU
		{5C34E991-C94A-4D23-87DA-BC1DD8DACF16}.Debug|Any CPU.Build.0 = Debug|Any CPU
		{5C34E991-C94A-4D23-87DA-BC1DD8DACF16}.Release|Any CPU.ActiveCfg = Release|Any CPU
		{5C34E991-C94A-4D23-87DA-BC1DD8DACF16}.Release|Any CPU.Build.0 = Release|Any CPU
		{FB472199-FB61-4503-AC7F-AE016ABBA633}.Debug|Any CPU.ActiveCfg = Debug|Any CPU
		{FB472199-FB61-4503-AC7F-AE016ABBA633}.Debug|Any CPU.Build.0 = Debug|Any CPU
		{FB472199-FB61-4503-AC7F-AE016ABBA633}.Release|Any CPU.ActiveCfg = Release|Any CPU
		{FB472199-FB61-4503-AC7F-AE016ABBA633}.Release|Any CPU.Build.0 = Release|Any CPU
		{56A023A8-B3FF-4CD5-A749-2FE8C3724929}.Debug|Any CPU.ActiveCfg = Debug|Any CPU
		{56A023A8-B3FF-4CD5-A749-2FE8C3724929}.Debug|Any CPU.Build.0 = Debug|Any CPU
		{56A023A8-B3FF-4CD5-A749-2FE8C3724929}.Release|Any CPU.ActiveCfg = Release|Any CPU
		{56A023A8-B3FF-4CD5-A749-2FE8C3724929}.Release|Any CPU.Build.0 = Release|Any CPU
		{3FF1CFC2-50B1-44B4-BE60-E5945DE67FF5}.Debug|Any CPU.ActiveCfg = Debug|Any CPU
		{3FF1CFC2-50B1-44B4-BE60-E5945DE67FF5}.Debug|Any CPU.Build.0 = Debug|Any CPU
		{3FF1CFC2-50B1-44B4-BE60-E5945DE67FF5}.Release|Any CPU.ActiveCfg = Release|Any CPU
		{3FF1CFC2-50B1-44B4-BE60-E5945DE67FF5}.Release|Any CPU.Build.0 = Release|Any CPU
		{03B839F5-0A62-4215-9778-1A5AB631E5D8}.Debug|Any CPU.ActiveCfg = Debug|Any CPU
		{03B839F5-0A62-4215-9778-1A5AB631E5D8}.Debug|Any CPU.Build.0 = Debug|Any CPU
		{03B839F5-0A62-4215-9778-1A5AB631E5D8}.Release|Any CPU.ActiveCfg = Release|Any CPU
		{03B839F5-0A62-4215-9778-1A5AB631E5D8}.Release|Any CPU.Build.0 = Release|Any CPU
		{7CDBF487-18CC-4D51-9621-59406CD05757}.Debug|Any CPU.ActiveCfg = Debug|Any CPU
		{7CDBF487-18CC-4D51-9621-59406CD05757}.Debug|Any CPU.Build.0 = Debug|Any CPU
		{7CDBF487-18CC-4D51-9621-59406CD05757}.Release|Any CPU.ActiveCfg = Release|Any CPU
		{7CDBF487-18CC-4D51-9621-59406CD05757}.Release|Any CPU.Build.0 = Release|Any CPU
	EndGlobalSection
	GlobalSection(SolutionProperties) = preSolution
		HideSolutionNode = FALSE
	EndGlobalSection
	GlobalSection(NestedProjects) = preSolution
		{2CB7E7C5-8182-46F2-A3B1-3B492C1B4A0A} = {E0F66DCE-47CE-4898-9012-8498BDDBEF03}
		{EB9DB85E-CDC7-48A4-9CAF-3D434E29CF0E} = {E0F66DCE-47CE-4898-9012-8498BDDBEF03}
		{2F14A31C-586F-4303-A9A8-B4339D32B8D5} = {E0F66DCE-47CE-4898-9012-8498BDDBEF03}
		{4319ACBA-599E-4365-954D-95A068ECB321} = {E0F66DCE-47CE-4898-9012-8498BDDBEF03}
		{5C34E991-C94A-4D23-87DA-BC1DD8DACF16} = {E0F66DCE-47CE-4898-9012-8498BDDBEF03}
		{FB472199-FB61-4503-AC7F-AE016ABBA633} = {E0F66DCE-47CE-4898-9012-8498BDDBEF03}
		{03B839F5-0A62-4215-9778-1A5AB631E5D8} = {E0F66DCE-47CE-4898-9012-8498BDDBEF03}
		{7CDBF487-18CC-4D51-9621-59406CD05757} = {F9F51B08-0C6E-4B33-BE5C-00F40AFF8E2D}
	EndGlobalSection
	GlobalSection(ExtensibilityGlobals) = postSolution
		SolutionGuid = {A2D7FF5F-594C-4EF3-9E0F-0F661CCAD878}
	EndGlobalSection
EndGlobal
